Microsoft Visual Studio Solution File, Format Version 12.00
# Visual Studio 2012
Project("{FAE04EC0-301F-11D3-BF4B-00C04F79EFBC}") = "growth", "growth.csproj", "{B4D8D35D-F601-4921-8C01-B0DD07D0FC61}"
EndProject
Global
	GlobalSection(SolutionConfigurationPlatforms) = preSolution
	Debug|Any CPU = Debug|Any CPU
	ExportDebug|Any CPU = ExportDebug|Any CPU
	ExportRelease|Any CPU = ExportRelease|Any CPU
	EndGlobalSection
	GlobalSection(ProjectConfigurationPlatforms) = postSolution
		{B4D8D35D-F601-4921-8C01-B0DD07D0FC61}.Debug|Any CPU.ActiveCfg = Debug|Any CPU
		{B4D8D35D-F601-4921-8C01-B0DD07D0FC61}.Debug|Any CPU.Build.0 = Debug|Any CPU
		{B4D8D35D-F601-4921-8C01-B0DD07D0FC61}.ExportDebug|Any CPU.ActiveCfg = ExportDebug|Any CPU
		{B4D8D35D-F601-4921-8C01-B0DD07D0FC61}.ExportDebug|Any CPU.Build.0 = ExportDebug|Any CPU
		{B4D8D35D-F601-4921-8C01-B0DD07D0FC61}.ExportRelease|Any CPU.ActiveCfg = ExportRelease|Any CPU
		{B4D8D35D-F601-4921-8C01-B0DD07D0FC61}.ExportRelease|Any CPU.Build.0 = ExportRelease|Any CPU
	EndGlobalSection
EndGlobal
